
Microsoft Visual Studio Solution File, Format Version 12.00
# Visual Studio Version 17
VisualStudioVersion = 17.13.35913.81 d17.13
MinimumVisualStudioVersion = 10.0.40219.1
Project("{FAE04EC0-301F-11D3-BF4B-00C04F79EFBC}") = "University.CSharpLexerParser", "University.CSharpLexerParser\University.CSharpLexerParser.csproj", "{C3C5AC57-8139-43BE-9C62-D72399CCD5E5}"
EndProject
Global
	GlobalSection(SolutionConfigurationPlatforms) = preSolution
		Debug|Any CPU = Debug|Any CPU
		Release|Any CPU = Release|Any CPU
	EndGlobalSection
	GlobalSection(ProjectConfigurationPlatforms) = postSolution
		{C3C5AC57-8139-43BE-9C62-D72399CCD5E5}.Debug|Any CPU.ActiveCfg = Debug|Any CPU
		{C3C5AC57-8139-43BE-9C62-D72399CCD5E5}.Debug|Any CPU.Build.0 = Debug|Any CPU
		{C3C5AC57-8139-43BE-9C62-D72399CCD5E5}.Release|Any CPU.ActiveCfg = Release|Any CPU
		{C3C5AC57-8139-43BE-9C62-D72399CCD5E5}.Release|Any CPU.Build.0 = Release|Any CPU
	EndGlobalSection
	GlobalSection(SolutionProperties) = preSolution
		HideSolutionNode = FALSE
	EndGlobalSection
	GlobalSection(ExtensibilityGlobals) = postSolution
		SolutionGuid = {49551300-AB79-418B-BB09-5A38E02B7669}
	EndGlobalSection
EndGlobal
